
Microsoft Visual Studio Solution File, Format Version 12.00
# Visual Studio Version 17
VisualStudioVersion = 17.0.31903.59
MinimumVisualStudioVersion = 10.0.40219.1
Project("{FAE04EC0-301F-11D3-BF4B-00C04F79EFBC}") = "PrintScreen", "src\PrintScreen.csproj", "{A63BE204-AF29-4031-AC5A-6B6A58E16EBC}"
EndProject
Project("{FAE04EC0-301F-11D3-BF4B-00C04F79EFBC}") = "test", "test\test.csproj", "{D79676E9-1A34-43E6-8050-F819F04098E9}"
EndProject
Global
	GlobalSection(SolutionConfigurationPlatforms) = preSolution
		Debug|Any CPU = Debug|Any CPU
		Release|Any CPU = Release|Any CPU
	EndGlobalSection
	GlobalSection(SolutionProperties) = preSolution
		HideSolutionNode = FALSE
	EndGlobalSection
	GlobalSection(ProjectConfigurationPlatforms) = postSolution
		{A63BE204-AF29-4031-AC5A-6B6A58E16EBC}.Debug|Any CPU.ActiveCfg = Debug|Any CPU
		{A63BE204-AF29-4031-AC5A-6B6A58E16EBC}.Debug|Any CPU.Build.0 = Debug|Any CPU
		{A63BE204-AF29-4031-AC5A-6B6A58E16EBC}.Release|Any CPU.ActiveCfg = Release|Any CPU
		{A63BE204-AF29-4031-AC5A-6B6A58E16EBC}.Release|Any CPU.Build.0 = Release|Any CPU
		{D79676E9-1A34-43E6-8050-F819F04098E9}.Debug|Any CPU.ActiveCfg = Debug|Any CPU
		{D79676E9-1A34-43E6-8050-F819F04098E9}.Debug|Any CPU.Build.0 = Debug|Any CPU
		{D79676E9-1A34-43E6-8050-F819F04098E9}.Release|Any CPU.ActiveCfg = Release|Any CPU
		{D79676E9-1A34-43E6-8050-F819F04098E9}.Release|Any CPU.Build.0 = Release|Any CPU
	EndGlobalSection
EndGlobal
